
Microsoft Visual Studio Solution File, Format Version 12.00
# Visual Studio Version 17
VisualStudioVersion = 17.6.33723.286
MinimumVisualStudioVersion = 10.0.40219.1
Project("{FAE04EC0-301F-11D3-BF4B-00C04F79EFBC}") = "Nebuli", "NeBuli\Nebuli.csproj", "{E91C9590-6C43-459C-ACEF-5192DF5C44D2}"
EndProject
Project("{FAE04EC0-301F-11D3-BF4B-00C04F79EFBC}") = "NebuliLoader", "NebuliLoader\NebuliLoader.csproj", "{4C3A45EF-FC4A-4828-98F3-CA095705239F}"
EndProject
Global
	GlobalSection(SolutionConfigurationPlatforms) = preSolution
		Debug|Any CPU = Debug|Any CPU
		Release|Any CPU = Release|Any CPU
	EndGlobalSection
	GlobalSection(ProjectConfigurationPlatforms) = postSolution
		{E91C9590-6C43-459C-ACEF-5192DF5C44D2}.Debug|Any CPU.ActiveCfg = Debug|Any CPU
		{E91C9590-6C43-459C-ACEF-5192DF5C44D2}.Debug|Any CPU.Build.0 = Debug|Any CPU
		{E91C9590-6C43-459C-ACEF-5192DF5C44D2}.Release|Any CPU.ActiveCfg = Release|Any CPU
		{E91C9590-6C43-459C-ACEF-5192DF5C44D2}.Release|Any CPU.Build.0 = Release|Any CPU
		{4C3A45EF-FC4A-4828-98F3-CA095705239F}.Debug|Any CPU.ActiveCfg = Debug|Any CPU
		{4C3A45EF-FC4A-4828-98F3-CA095705239F}.Debug|Any CPU.Build.0 = Debug|Any CPU
		{4C3A45EF-FC4A-4828-98F3-CA095705239F}.Release|Any CPU.ActiveCfg = Release|Any CPU
		{4C3A45EF-FC4A-4828-98F3-CA095705239F}.Release|Any CPU.Build.0 = Release|Any CPU
	EndGlobalSection
	GlobalSection(SolutionProperties) = preSolution
		HideSolutionNode = FALSE
	EndGlobalSection
	GlobalSection(ExtensibilityGlobals) = postSolution
		SolutionGuid = {C71A332D-9FDD-443D-8F6A-B338F9409F76}
	EndGlobalSection
EndGlobal
